// !$*UTF8*$!
{
	archiveVersion = 1;
	classes = {
	};
	objectVersion = 50;
	objects = {

/* Begin PBXBuildFile section */
		92018CA525CBD43C006416B5 /* AppDelegate.swift in Sources */ = {isa = PBXBuildFile; fileRef = 92018CA425CBD43C006416B5 /* AppDelegate.swift */; };
		92018CA725CBD43C006416B5 /* SceneDelegate.swift in Sources */ = {isa = PBXBuildFile; fileRef = 92018CA625CBD43C006416B5 /* SceneDelegate.swift */; };
		92018CA925CBD43C006416B5 /* ViewController.swift in Sources */ = {isa = PBXBuildFile; fileRef = 92018CA825CBD43C006416B5 /* ViewController.swift */; };
		92018CAC25CBD43C006416B5 /* Main.storyboard in Resources */ = {isa = PBXBuildFile; fileRef = 92018CAA25CBD43C006416B5 /* Main.storyboard */; };
		92018CAE25CBD43E006416B5 /* Assets.xcassets in Resources */ = {isa = PBXBuildFile; fileRef = 92018CAD25CBD43E006416B5 /* Assets.xcassets */; };
		92018CB125CBD43E006416B5 /* LaunchScreen.storyboard in Resources */ = {isa = PBXBuildFile; fileRef = 92018CAF25CBD43E006416B5 /* LaunchScreen.storyboard */; };
/* End PBXBuildFile section */

/* Begin PBXFileReference section */
		92018CA125CBD43C006416B5 /* WinWInCalculator.app */ = {isa = PBXFileReference; explicitFileType = wrapper.application; includeInIndex = 0; path = WinWInCalculator.app; sourceTree = BUILT_PRODUCTS_DIR; };
		92018CA425CBD43C006416B5 /* AppDelegate.swift */ = {isa = PBXFileReference; lastKnownFileType = sourcecode.swift; path = AppDelegate.swift; sourceTree = "<group>"; };
		92018CA625CBD43C006416B5 /* SceneDelegate.swift */ = {isa = PBXFileReference; lastKnownFileType = sourcecode.swift; path = SceneDelegate.swift; sourceTree = "<group>"; };
		92018CA825CBD43C006416B5 /* ViewController.swift */ = {isa = PBXFileReference; lastKnownFileType = sourcecode.swift; path = ViewController.swift; sourceTree = "<group>"; };
		92018CAB25CBD43C006416B5 /* Base */ = {isa = PBXFileReference; lastKnownFileType = file.storyboard; name = Base; path = Base.lproj/Main.storyboard; sourceTree = "<group>"; };
		92018CAD25CBD43E006416B5 /* Assets.xcassets */ = {isa = PBXFileReference; lastKnownFileType = folder.assetcatalog; path = Assets.xcassets; sourceTree = "<group>"; };
		92018CB025CBD43E006416B5 /* Base */ = {isa = PBXFileReference; lastKnownFileType = file.storyboard; name = Base; path = Base.lproj/LaunchScreen.storyboard; sourceTree = "<group>"; };
		92018CB225CBD43E006416B5 /* Info.plist */ = {isa = PBXFileReference; lastKnownFileType = text.plist.xml; path = Info.plist; sourceTree = "<group>"; };
/* End PBXFileReference section */

/* Begin PBXFrameworksBuildPhase section */
		92018C9E25CBD43C006416B5 /* Frameworks */ = {
			isa = PBXFrameworksBuildPhase;
			buildActionMask = 2147483647;
			files = (
			);
			runOnlyForDeploymentPostprocessing = 0;
		};
/* End PBXFrameworksBuildPhase section */

/* Begin PBXGroup section */
		92018C9825CBD43C006416B5 = {
			isa = PBXGroup;
			children = (
				92018CA325CBD43C006416B5 /* Minidu_Wickramaarachchi-COBSCCOMP192p-010 */,
				92018CA225CBD43C006416B5 /* Products */,
			);
			sourceTree = "<group>";
		};
		92018CA225CBD43C006416B5 /* Products */ = {
			isa = PBXGroup;
			children = (
				92018CA125CBD43C006416B5 /* WinWInCalculator.app */,
			);
			name = Products;
			sourceTree = "<group>";
		};
		92018CA325CBD43C006416B5 /* Minidu_Wickramaarachchi-COBSCCOMP192p-010 */ = {
			isa = PBXGroup;
			children = (
				92018CA425CBD43C006416B5 /* AppDelegate.swift */,
				92018CA625CBD43C006416B5 /* SceneDelegate.swift */,
				92018CA825CBD43C006416B5 /* ViewController.swift */,
				92018CAA25CBD43C006416B5 /* Main.storyboard */,
				92018CAD25CBD43E006416B5 /* Assets.xcassets */,
				92018CAF25CBD43E006416B5 /* LaunchScreen.storyboard */,
				92018CB225CBD43E006416B5 /* Info.plist */,
			);
			path = "Minidu_Wickramaarachchi-COBSCCOMP192p-010";
			sourceTree = "<group>";
		};
/* End PBXGroup section */

/* Begin PBXNativeTarget section */
		92018CA025CBD43C006416B5 /* Minidu_Wickramaarachchi-COBSCCOMP192p-010 */ = {
			isa = PBXNativeTarget;
			buildConfigurationList = 92018CB525CBD43E006416B5 /* Build configuration list for PBXNativeTarget "Minidu_Wickramaarachchi-COBSCCOMP192p-010" */;
			buildPhases = (
				92018C9D25CBD43C006416B5 /* Sources */,
				92018C9E25CBD43C006416B5 /* Frameworks */,
				92018C9F25CBD43C006416B5 /* Resources */,
			);
			buildRules = (
			);
			dependencies = (
			);
			name = "Minidu_Wickramaarachchi-COBSCCOMP192p-010";
			productName = "Minidu_Wickramaarachchi-COBSCCOMP192p-010";
			productReference = 92018CA125CBD43C006416B5 /* WinWInCalculator.app */;
			productType = "com.apple.product-type.application";
		};
/* End PBXNativeTarget section */

/* Begin PBXProject section */
		92018C9925CBD43C006416B5 /* Project object */ = {
			isa = PBXProject;
			attributes = {
				LastSwiftUpdateCheck = 1170;
				LastUpgradeCheck = 1170;
				ORGANIZATIONNAME = "Minidu Wickramaarachchi";
				TargetAttributes = {
					92018CA025CBD43C006416B5 = {
						CreatedOnToolsVersion = 11.7;
					};
				};
			};
			buildConfigurationList = 92018C9C25CBD43C006416B5 /* Build configuration list for PBXProject "Minidu_Wickramaarachchi-COBSCCOMP192p-010" */;
			compatibilityVersion = "Xcode 9.3";
			developmentRegion = en;
			hasScannedForEncodings = 0;
			knownRegions = (
				en,
				Base,
			);
			mainGroup = 92018C9825CBD43C006416B5;
			productRefGroup = 92018CA225CBD43C006416B5 /* Products */;
			projectDirPath = "";
			projectRoot = "";
			targets = (
				92018CA025CBD43C006416B5 /* Minidu_Wickramaarachchi-COBSCCOMP192p-010 */,
			);
		};
/* End PBXProject section */

/* Begin PBXResourcesBuildPhase section */
		92018C9F25CBD43C006416B5 /* Resources */ = {
			isa = PBXResourcesBuildPhase;
			buildActionMask = 2147483647;
			files = (
				92018CB125CBD43E006416B5 /* LaunchScreen.storyboard in Resources */,
				92018CAE25CBD43E006416B5 /* Assets.xcassets in Resources */,
				92018CAC25CBD43C006416B5 /* Main.storyboard in Resources */,
			);
			runOnlyForDeploymentPostprocessing = 0;
		};
/* End PBXResourcesBuildPhase section */

/* Begin PBXSourcesBuildPhase section */
		92018C9D25CBD43C006416B5 /* Sources */ = {
			isa = PBXSourcesBuildPhase;
			buildActionMask = 2147483647;
			files = (
				92018CA925CBD43C006416B5 /* ViewController.swift in Sources */,
				92018CA525CBD43C006416B5 /* AppDelegate.swift in Sources */,
				92018CA725CBD43C006416B5 /* SceneDelegate.swift in Sources */,
			);
			runOnlyForDeploymentPostprocessing = 0;
		};
/* End PBXSourcesBuildPhase section */

/* Begin PBXVariantGroup section */
		92018CAA25CBD43C006416B5 /* Main.storyboard */ = {
			isa = PBXVariantGroup;
			children = (
				92018CAB25CBD43C006416B5 /* Base */,
			);
			name = Main.storyboard;
			sourceTree = "<group>";
		};
		92018CAF25CBD43E006416B5 /* LaunchScreen.storyboard */ = {
			isa = PBXVariantGroup;
			children = (
				92018CB025CBD43E006416B5 /* Base */,
			);
			name = LaunchScreen.storyboard;
			sourceTree = "<group>";
		};
/* End PBXVariantGroup section */

/* Begin XCBuildConfiguration section */
		92018CB325CBD43E006416B5 /* Debug */ = {
			isa = XCBuildConfiguration;
			buildSettings = {
				ALWAYS_SEARCH_USER_PATHS = NO;
				CLANG_ANALYZER_NONNULL = YES;
				CLANG_ANALYZER_NUMBER_OBJECT_CONVERSION = YES_AGGRESSIVE;
				CLANG_CXX_LANGUAGE_STANDARD = "gnu++14";
				CLANG_CXX_LIBRARY = "libc++";
				CLANG_ENABLE_MODULES = YES;
				CLANG_ENABLE_OBJC_ARC = YES;
				CLANG_ENABLE_OBJC_WEAK = YES;
				CLANG_WARN_BLOCK_CAPTURE_AUTORELEASING = YES;
				CLANG_WARN_BOOL_CONVERSION = YES;
				CLANG_WARN_COMMA = YES;
				CLANG_WARN_CONSTANT_CONVERSION = YES;
				CLANG_WARN_DEPRECATED_OBJC_IMPLEMENTATIONS = YES;
				CLANG_WARN_DIRECT_OBJC_ISA_USAGE = YES_ERROR;
				CLANG_WARN_DOCUMENTATION_COMMENTS = YES;
				CLANG_WARN_EMPTY_BODY = YES;
				CLANG_WARN_ENUM_CONVERSION = YES;
				CLANG_WARN_INFINITE_RECURSION = YES;
				CLANG_WARN_INT_CONVERSION = YES;
				CLANG_WARN_NON_LITERAL_NULL_CONVERSION = YES;
				CLANG_WARN_OBJC_IMPLICIT_RETAIN_SELF = YES;
				CLANG_WARN_OBJC_LITERAL_CONVERSION = YES;
				CLANG_WARN_OBJC_ROOT_CLASS = YES_ERROR;
				CLANG_WARN_RANGE_LOOP_ANALYSIS = YES;
				CLANG_WARN_STRICT_PROTOTYPES = YES;
				CLANG_WARN_SUSPICIOUS_MOVE = YES;
				CLANG_WARN_UNGUARDED_AVAILABILITY = YES_AGGRESSIVE;
				CLANG_WARN_UNREACHABLE_CODE = YES;
				CLANG_WARN__DUPLICATE_METHOD_MATCH = YES;
				COPY_PHASE_STRIP = NO;
				DEBUG_INFORMATION_FORMAT = dwarf;
				ENABLE_STRICT_OBJC_MSGSEND = YES;
				ENABLE_TESTABILITY = YES;
				GCC_C_LANGUAGE_STANDARD = gnu11;
				GCC_DYNAMIC_NO_PIC = NO;
				GCC_NO_COMMON_BLOCKS = YES;
				GCC_OPTIMIZATION_LEVEL = 0;
				GCC_PREPROCESSOR_DEFINITIONS = (
					"DEBUG=1",
					"$(inherited)",
				);
				GCC_WARN_64_TO_32_BIT_CONVERSION = YES;
				GCC_WARN_ABOUT_RETURN_TYPE = YES_ERROR;
				GCC_WARN_UNDECLARED_SELECTOR = YES;
				GCC_WARN_UNINITIALIZED_AUTOS = YES_AGGRESSIVE;
				GCC_WARN_UNUSED_FUNCTION = YES;
				GCC_WARN_UNUSED_VARIABLE = YES;
				IPHONEOS_DEPLOYMENT_TARGET = 13.7;
				MTL_ENABLE_DEBUG_INFO = INCLUDE_SOURCE;
				MTL_FAST_MATH = YES;
				ONLY_ACTIVE_ARCH = YES;
				SDKROOT = iphoneos;
				SWIFT_ACTIVE_COMPILATION_CONDITIONS = DEBUG;
				SWIFT_OPTIMIZATION_LEVEL = "-Onone";
			};
			name = Debug;
		};
		92018CB425CBD43E006416B5 /* Release */ = {
			isa = XCBuildConfiguration;
			buildSettings = {
				ALWAYS_SEARCH_USER_PATHS = NO;
				CLANG_ANALYZER_NONNULL = YES;
				CLANG_ANALYZER_NUMBER_OBJECT_CONVERSION = YES_AGGRESSIVE;
				CLANG_CXX_LANGUAGE_STANDARD = "gnu++14";
				CLANG_CXX_LIBRARY = "libc++";
				CLANG_ENABLE_MODULES = YES;
				CLANG_ENABLE_OBJC_ARC = YES;
				CLANG_ENABLE_OBJC_WEAK = YES;
				CLANG_WARN_BLOCK_CAPTURE_AUTORELEASING = YES;
				CLANG_WARN_BOOL_CONVERSION = YES;
				CLANG_WARN_COMMA = YES;
				CLANG_WARN_CONSTANT_CONVERSION = YES;
				CLANG_WARN_DEPRECATED_OBJC_IMPLEMENTATIONS = YES;
				CLANG_WARN_DIRECT_OBJC_ISA_USAGE = YES_ERROR;
				CLANG_WARN_DOCUMENTATION_COMMENTS = YES;
				CLANG_WARN_EMPTY_BODY = YES;
				CLANG_WARN_ENUM_CONVERSION = YES;
				CLANG_WARN_INFINITE_RECURSION = YES;
				CLANG_WARN_INT_CONVERSION = YES;
				CLANG_WARN_NON_LITERAL_NULL_CONVERSION = YES;
				CLANG_WARN_OBJC_IMPLICIT_RETAIN_SELF = YES;
				CLANG_WARN_OBJC_LITERAL_CONVERSION = YES;
				CLANG_WARN_OBJC_ROOT_CLASS = YES_ERROR;
				CLANG_WARN_RANGE_LOOP_ANALYSIS = YES;
				CLANG_WARN_STRICT_PROTOTYPES = YES;
				CLANG_WARN_SUSPICIOUS_MOVE = YES;
				CLANG_WARN_UNGUARDED_AVAILABILITY = YES_AGGRESSIVE;
				CLANG_WARN_UNREACHABLE_CODE = YES;
				CLANG_WARN__DUPLICATE_METHOD_MATCH = YES;
				COPY_PHASE_STRIP = NO;
				DEBUG_INFORMATION_FORMAT = "dwarf-with-dsym";
				ENABLE_NS_ASSERTIONS = NO;
				ENABLE_STRICT_OBJC_MSGSEND = YES;
				GCC_C_LANGUAGE_STANDARD = gnu11;
				GCC_NO_COMMON_BLOCKS = YES;
				GCC_WARN_64_TO_32_BIT_CONVERSION = YES;
				GCC_WARN_ABOUT_RETURN_TYPE = YES_ERROR;
				GCC_WARN_UNDECLARED_SELECTOR = YES;
				GCC_WARN_UNINITIALIZED_AUTOS = YES_AGGRESSIVE;
				GCC_WARN_UNUSED_FUNCTION = YES;
				GCC_WARN_UNUSED_VARIABLE = YES;
				IPHONEOS_DEPLOYMENT_TARGET = 13.7;
				MTL_ENABLE_DEBUG_INFO = NO;
				MTL_FAST_MATH = YES;
				SDKROOT = iphoneos;
				SWIFT_COMPILATION_MODE = wholemodule;
				SWIFT_OPTIMIZATION_LEVEL = "-O";
				VALIDATE_PRODUCT = YES;
			};
			name = Release;
		};
		92018CB625CBD43E006416B5 /* Debug */ = {
			isa = XCBuildConfiguration;
			buildSettings = {
				ASSETCATALOG_COMPILER_APPICON_NAME = AppIcon;
				CODE_SIGN_STYLE = Automatic;
				DEVELOPMENT_TEAM = P3RN2277VF;
				INFOPLIST_FILE = "Minidu_Wickramaarachchi-COBSCCOMP192p-010/Info.plist";
				LD_RUNPATH_SEARCH_PATHS = (
					"$(inherited)",
					"@executable_path/Frameworks",
				);
				PRODUCT_BUNDLE_IDENTIFIER = "com.minidu.Minidu-Wickramaarachchi-COBSCCOMP192p-010";
				PRODUCT_NAME = WinWInCalculator;
				SWIFT_VERSION = 5.0;
				TARGETED_DEVICE_FAMILY = "1,2";
			};
			name = Debug;
		};
		92018CB725CBD43E006416B5 /* Release */ = {
			isa = XCBuildConfiguration;
			buildSettings = {
				ASSETCATALOG_COMPILER_APPICON_NAME = AppIcon;
				CODE_SIGN_STYLE = Automatic;
				DEVELOPMENT_TEAM = P3RN2277VF;
				INFOPLIST_FILE = "Minidu_Wickramaarachchi-COBSCCOMP192p-010/Info.plist";
				LD_RUNPATH_SEARCH_PATHS = (
					"$(inherited)",
					"@executable_path/Frameworks",
				);
				PRODUCT_BUNDLE_IDENTIFIER = "com.minidu.Minidu-Wickramaarachchi-COBSCCOMP192p-010";
				PRODUCT_NAME = WinWInCalculator;
				SWIFT_VERSION = 5.0;
				TARGETED_DEVICE_FAMILY = "1,2";
			};
			name = Release;
		};
/* End XCBuildConfiguration section */

/* Begin XCConfigurationList section */
		92018C9C25CBD43C006416B5 /* Build configuration list for PBXProject "Minidu_Wickramaarachchi-COBSCCOMP192p-010" */ = {
			isa = XCConfigurationList;
			buildConfigurations = (
				92018CB325CBD43E006416B5 /* Debug */,
				92018CB425CBD43E006416B5 /* Release */,
			);
			defaultConfigurationIsVisible = 0;
			defaultConfigurationName = Release;
		};
		92018CB525CBD43E006416B5 /* Build configuration list for PBXNativeTarget "Minidu_Wickramaarachchi-COBSCCOMP192p-010" */ = {
			isa = XCConfigurationList;
			buildConfigurations = (
				92018CB625CBD43E006416B5 /* Debug */,
				92018CB725CBD43E006416B5 /* Release */,
			);
			defaultConfigurationIsVisible = 0;
			defaultConfigurationName = Release;
		};
/* End XCConfigurationList section */
	};
	rootObject = 92018C9925CBD43C006416B5 /* Project object */;
}
